
Microsoft Visual Studio Solution File, Format Version 12.00
# Visual Studio Version 17
VisualStudioVersion = 17.1.32319.34
MinimumVisualStudioVersion = 10.0.40219.1
Project("{FAE04EC0-301F-11D3-BF4B-00C04F79EFBC}") = "GrpcShutdownTest", "GrpcShutdownTest\GrpcShutdownTest.csproj", "{901981B0-F922-40F2-809F-E1D749320702}"
EndProject
Project("{FAE04EC0-301F-11D3-BF4B-00C04F79EFBC}") = "Client", "Client\Client.csproj", "{9A3693BE-EC87-4099-B603-362A9B65E113}"
EndProject
Global
	GlobalSection(SolutionConfigurationPlatforms) = preSolution
		Debug|Any CPU = Debug|Any CPU
		Release|Any CPU = Release|Any CPU
	EndGlobalSection
	GlobalSection(ProjectConfigurationPlatforms) = postSolution
		{901981B0-F922-40F2-809F-E1D749320702}.Debug|Any CPU.ActiveCfg = Debug|Any CPU
		{901981B0-F922-40F2-809F-E1D749320702}.Debug|Any CPU.Build.0 = Debug|Any CPU
		{901981B0-F922-40F2-809F-E1D749320702}.Release|Any CPU.ActiveCfg = Release|Any CPU
		{901981B0-F922-40F2-809F-E1D749320702}.Release|Any CPU.Build.0 = Release|Any CPU
		{9A3693BE-EC87-4099-B603-362A9B65E113}.Debug|Any CPU.ActiveCfg = Debug|Any CPU
		{9A3693BE-EC87-4099-B603-362A9B65E113}.Debug|Any CPU.Build.0 = Debug|Any CPU
		{9A3693BE-EC87-4099-B603-362A9B65E113}.Release|Any CPU.ActiveCfg = Release|Any CPU
		{9A3693BE-EC87-4099-B603-362A9B65E113}.Release|Any CPU.Build.0 = Release|Any CPU
	EndGlobalSection
	GlobalSection(SolutionProperties) = preSolution
		HideSolutionNode = FALSE
	EndGlobalSection
	GlobalSection(ExtensibilityGlobals) = postSolution
		SolutionGuid = {579CB98F-CF40-4486-B024-1A46D6CB5B7F}
	EndGlobalSection
EndGlobal
